// !$*UTF8*$!
{
	archiveVersion = 1;
	classes = {
	};
	objectVersion = 56;
	objects = {

/* Begin PBXBuildFile section */
		583CE5D829D6809C006CA256 /* AppDelegate.swift in Sources */ = {isa = PBXBuildFile; fileRef = 583CE5D729D6809C006CA256 /* AppDelegate.swift */; };
		583CE5DA29D6809C006CA256 /* SceneDelegate.swift in Sources */ = {isa = PBXBuildFile; fileRef = 583CE5D929D6809C006CA256 /* SceneDelegate.swift */; };
		583CE5DC29D6809C006CA256 /* ViewController.swift in Sources */ = {isa = PBXBuildFile; fileRef = 583CE5DB29D6809C006CA256 /* ViewController.swift */; };
		583CE5E229D6809C006CA256 /* OneTSecond.xcdatamodeld in Sources */ = {isa = PBXBuildFile; fileRef = 583CE5E029D6809C006CA256 /* OneTSecond.xcdatamodeld */; };
		583CE5E429D6809D006CA256 /* Assets.xcassets in Resources */ = {isa = PBXBuildFile; fileRef = 583CE5E329D6809D006CA256 /* Assets.xcassets */; };
		583CE5E729D6809D006CA256 /* LaunchScreen.storyboard in Resources */ = {isa = PBXBuildFile; fileRef = 583CE5E529D6809D006CA256 /* LaunchScreen.storyboard */; };
		583CE5F029D68215006CA256 /* SnapKit in Frameworks */ = {isa = PBXBuildFile; productRef = 583CE5EF29D68215006CA256 /* SnapKit */; };
		583CE5F229D85F24006CA256 /* TableViewCell.swift in Sources */ = {isa = PBXBuildFile; fileRef = 583CE5F129D85F24006CA256 /* TableViewCell.swift */; };
		583CE5F429D86392006CA256 /* ScrollViewController.swift in Sources */ = {isa = PBXBuildFile; fileRef = 583CE5F329D86392006CA256 /* ScrollViewController.swift */; };
		583CE5F629D86D4B006CA256 /* PinterestViewController.swift in Sources */ = {isa = PBXBuildFile; fileRef = 583CE5F529D86D4B006CA256 /* PinterestViewController.swift */; };
		583CE5FA29D872A1006CA256 /* CollectionViewCell.swift in Sources */ = {isa = PBXBuildFile; fileRef = 583CE5F929D872A1006CA256 /* CollectionViewCell.swift */; };
		583CE5FE29D95A67006CA256 /* ContactsViewController.swift in Sources */ = {isa = PBXBuildFile; fileRef = 583CE5FD29D95A67006CA256 /* ContactsViewController.swift */; };
		583CE60429D95BDF006CA256 /* NewContactViewController.swift in Sources */ = {isa = PBXBuildFile; fileRef = 583CE60329D95BDF006CA256 /* NewContactViewController.swift */; };
		583CE60629D95C2E006CA256 /* Model.swift in Sources */ = {isa = PBXBuildFile; fileRef = 583CE60529D95C2E006CA256 /* Model.swift */; };
		583CE60829D95D28006CA256 /* ContactTableViewCell.swift in Sources */ = {isa = PBXBuildFile; fileRef = 583CE60729D95D28006CA256 /* ContactTableViewCell.swift */; };
/* End PBXBuildFile section */

/* Begin PBXFileReference section */
		583CE5D429D6809C006CA256 /* OneTSecond.app */ = {isa = PBXFileReference; explicitFileType = wrapper.application; includeInIndex = 0; path = OneTSecond.app; sourceTree = BUILT_PRODUCTS_DIR; };
		583CE5D729D6809C006CA256 /* AppDelegate.swift */ = {isa = PBXFileReference; lastKnownFileType = sourcecode.swift; path = AppDelegate.swift; sourceTree = "<group>"; };
		583CE5D929D6809C006CA256 /* SceneDelegate.swift */ = {isa = PBXFileReference; lastKnownFileType = sourcecode.swift; path = SceneDelegate.swift; sourceTree = "<group>"; };
		583CE5DB29D6809C006CA256 /* ViewController.swift */ = {isa = PBXFileReference; lastKnownFileType = sourcecode.swift; path = ViewController.swift; sourceTree = "<group>"; };
		583CE5E129D6809C006CA256 /* OneTSecond.xcdatamodel */ = {isa = PBXFileReference; lastKnownFileType = wrapper.xcdatamodel; path = OneTSecond.xcdatamodel; sourceTree = "<group>"; };
		583CE5E329D6809D006CA256 /* Assets.xcassets */ = {isa = PBXFileReference; lastKnownFileType = folder.assetcatalog; path = Assets.xcassets; sourceTree = "<group>"; };
		583CE5E629D6809D006CA256 /* Base */ = {isa = PBXFileReference; lastKnownFileType = file.storyboard; name = Base; path = Base.lproj/LaunchScreen.storyboard; sourceTree = "<group>"; };
		583CE5E829D6809D006CA256 /* Info.plist */ = {isa = PBXFileReference; lastKnownFileType = text.plist.xml; path = Info.plist; sourceTree = "<group>"; };
		583CE5F129D85F24006CA256 /* TableViewCell.swift */ = {isa = PBXFileReference; lastKnownFileType = sourcecode.swift; path = TableViewCell.swift; sourceTree = "<group>"; };
		583CE5F329D86392006CA256 /* ScrollViewController.swift */ = {isa = PBXFileReference; lastKnownFileType = sourcecode.swift; path = ScrollViewController.swift; sourceTree = "<group>"; };
		583CE5F529D86D4B006CA256 /* PinterestViewController.swift */ = {isa = PBXFileReference; lastKnownFileType = sourcecode.swift; path = PinterestViewController.swift; sourceTree = "<group>"; };
		583CE5F929D872A1006CA256 /* CollectionViewCell.swift */ = {isa = PBXFileReference; lastKnownFileType = sourcecode.swift; path = CollectionViewCell.swift; sourceTree = "<group>"; };
		583CE5FD29D95A67006CA256 /* ContactsViewController.swift */ = {isa = PBXFileReference; lastKnownFileType = sourcecode.swift; path = ContactsViewController.swift; sourceTree = "<group>"; };
		583CE60329D95BDF006CA256 /* NewContactViewController.swift */ = {isa = PBXFileReference; lastKnownFileType = sourcecode.swift; path = NewContactViewController.swift; sourceTree = "<group>"; };
		583CE60529D95C2E006CA256 /* Model.swift */ = {isa = PBXFileReference; lastKnownFileType = sourcecode.swift; path = Model.swift; sourceTree = "<group>"; };
		583CE60729D95D28006CA256 /* ContactTableViewCell.swift */ = {isa = PBXFileReference; lastKnownFileType = sourcecode.swift; path = ContactTableViewCell.swift; sourceTree = "<group>"; };
/* End PBXFileReference section */

/* Begin PBXFrameworksBuildPhase section */
		583CE5D129D6809C006CA256 /* Frameworks */ = {
			isa = PBXFrameworksBuildPhase;
			buildActionMask = 2147483647;
			files = (
				583CE5F029D68215006CA256 /* SnapKit in Frameworks */,
			);
			runOnlyForDeploymentPostprocessing = 0;
		};
/* End PBXFrameworksBuildPhase section */

/* Begin PBXGroup section */
		583CE5CB29D6809C006CA256 = {
			isa = PBXGroup;
			children = (
				583CE5D629D6809C006CA256 /* OneTSecond */,
				583CE5D529D6809C006CA256 /* Products */,
			);
			sourceTree = "<group>";
		};
		583CE5D529D6809C006CA256 /* Products */ = {
			isa = PBXGroup;
			children = (
				583CE5D429D6809C006CA256 /* OneTSecond.app */,
			);
			name = Products;
			sourceTree = "<group>";
		};
		583CE5D629D6809C006CA256 /* OneTSecond */ = {
			isa = PBXGroup;
			children = (
				583CE60129D95B71006CA256 /* Contacts */,
				583CE60029D95B63006CA256 /* Scroll */,
				583CE5FF29D95B39006CA256 /* Pinterest */,
				583CE5FC29D8731C006CA256 /* SupportingFiles */,
				583CE5FB29D8730D006CA256 /* Delegates */,
				583CE60229D95B91006CA256 /* Main */,
				583CE5E829D6809D006CA256 /* Info.plist */,
				583CE5E029D6809C006CA256 /* OneTSecond.xcdatamodeld */,
				583CE60529D95C2E006CA256 /* Model.swift */,
			);
			path = OneTSecond;
			sourceTree = "<group>";
		};
		583CE5FB29D8730D006CA256 /* Delegates */ = {
			isa = PBXGroup;
			children = (
				583CE5D729D6809C006CA256 /* AppDelegate.swift */,
				583CE5D929D6809C006CA256 /* SceneDelegate.swift */,
			);
			path = Delegates;
			sourceTree = "<group>";
		};
		583CE5FC29D8731C006CA256 /* SupportingFiles */ = {
			isa = PBXGroup;
			children = (
				583CE5E329D6809D006CA256 /* Assets.xcassets */,
				583CE5E529D6809D006CA256 /* LaunchScreen.storyboard */,
			);
			path = SupportingFiles;
			sourceTree = "<group>";
		};
		583CE5FF29D95B39006CA256 /* Pinterest */ = {
			isa = PBXGroup;
			children = (
				583CE5F529D86D4B006CA256 /* PinterestViewController.swift */,
				583CE5F929D872A1006CA256 /* CollectionViewCell.swift */,
			);
			path = Pinterest;
			sourceTree = "<group>";
		};
		583CE60029D95B63006CA256 /* Scroll */ = {
			isa = PBXGroup;
			children = (
				583CE5F329D86392006CA256 /* ScrollViewController.swift */,
			);
			path = Scroll;
			sourceTree = "<group>";
		};
		583CE60129D95B71006CA256 /* Contacts */ = {
			isa = PBXGroup;
			children = (
				583CE5FD29D95A67006CA256 /* ContactsViewController.swift */,
				583CE60329D95BDF006CA256 /* NewContactViewController.swift */,
				583CE60729D95D28006CA256 /* ContactTableViewCell.swift */,
			);
			path = Contacts;
			sourceTree = "<group>";
		};
		583CE60229D95B91006CA256 /* Main */ = {
			isa = PBXGroup;
			children = (
				583CE5DB29D6809C006CA256 /* ViewController.swift */,
				583CE5F129D85F24006CA256 /* TableViewCell.swift */,
			);
			path = Main;
			sourceTree = "<group>";
		};
/* End PBXGroup section */

/* Begin PBXNativeTarget section */
		583CE5D329D6809C006CA256 /* OneTSecond */ = {
			isa = PBXNativeTarget;
			buildConfigurationList = 583CE5EB29D6809D006CA256 /* Build configuration list for PBXNativeTarget "OneTSecond" */;
			buildPhases = (
				583CE5D029D6809C006CA256 /* Sources */,
				583CE5D129D6809C006CA256 /* Frameworks */,
				583CE5D229D6809C006CA256 /* Resources */,
			);
			buildRules = (
			);
			dependencies = (
			);
			name = OneTSecond;
			packageProductDependencies = (
				583CE5EF29D68215006CA256 /* SnapKit */,
			);
			productName = OneTSecond;
			productReference = 583CE5D429D6809C006CA256 /* OneTSecond.app */;
			productType = "com.apple.product-type.application";
		};
/* End PBXNativeTarget section */

/* Begin PBXProject section */
		583CE5CC29D6809C006CA256 /* Project object */ = {
			isa = PBXProject;
			attributes = {
				BuildIndependentTargetsInParallel = 1;
				LastSwiftUpdateCheck = 1420;
				LastUpgradeCheck = 1420;
				TargetAttributes = {
					583CE5D329D6809C006CA256 = {
						CreatedOnToolsVersion = 14.2;
					};
				};
			};
			buildConfigurationList = 583CE5CF29D6809C006CA256 /* Build configuration list for PBXProject "OneTSecond" */;
			compatibilityVersion = "Xcode 14.0";
			developmentRegion = en;
			hasScannedForEncodings = 0;
			knownRegions = (
				en,
				Base,
			);
			mainGroup = 583CE5CB29D6809C006CA256;
			packageReferences = (
				583CE5EE29D68215006CA256 /* XCRemoteSwiftPackageReference "SnapKit" */,
			);
			productRefGroup = 583CE5D529D6809C006CA256 /* Products */;
			projectDirPath = "";
			projectRoot = "";
			targets = (
				583CE5D329D6809C006CA256 /* OneTSecond */,
			);
		};
/* End PBXProject section */

/* Begin PBXResourcesBuildPhase section */
		583CE5D229D6809C006CA256 /* Resources */ = {
			isa = PBXResourcesBuildPhase;
			buildActionMask = 2147483647;
			files = (
				583CE5E729D6809D006CA256 /* LaunchScreen.storyboard in Resources */,
				583CE5E429D6809D006CA256 /* Assets.xcassets in Resources */,
			);
			runOnlyForDeploymentPostprocessing = 0;
		};
/* End PBXResourcesBuildPhase section */

/* Begin PBXSourcesBuildPhase section */
		583CE5D029D6809C006CA256 /* Sources */ = {
			isa = PBXSourcesBuildPhase;
			buildActionMask = 2147483647;
			files = (
				583CE60829D95D28006CA256 /* ContactTableViewCell.swift in Sources */,
				583CE5DC29D6809C006CA256 /* ViewController.swift in Sources */,
				583CE5F629D86D4B006CA256 /* PinterestViewController.swift in Sources */,
				583CE5FA29D872A1006CA256 /* CollectionViewCell.swift in Sources */,
				583CE5F429D86392006CA256 /* ScrollViewController.swift in Sources */,
				583CE5F229D85F24006CA256 /* TableViewCell.swift in Sources */,
				583CE5FE29D95A67006CA256 /* ContactsViewController.swift in Sources */,
				583CE60429D95BDF006CA256 /* NewContactViewController.swift in Sources */,
				583CE5E229D6809C006CA256 /* OneTSecond.xcdatamodeld in Sources */,
				583CE60629D95C2E006CA256 /* Model.swift in Sources */,
				583CE5D829D6809C006CA256 /* AppDelegate.swift in Sources */,
				583CE5DA29D6809C006CA256 /* SceneDelegate.swift in Sources */,
			);
			runOnlyForDeploymentPostprocessing = 0;
		};
/* End PBXSourcesBuildPhase section */

/* Begin PBXVariantGroup section */
		583CE5E529D6809D006CA256 /* LaunchScreen.storyboard */ = {
			isa = PBXVariantGroup;
			children = (
				583CE5E629D6809D006CA256 /* Base */,
			);
			name = LaunchScreen.storyboard;
			sourceTree = "<group>";
		};
/* End PBXVariantGroup section */

/* Begin XCBuildConfiguration section */
		583CE5E929D6809D006CA256 /* Debug */ = {
			isa = XCBuildConfiguration;
			buildSettings = {
				ALWAYS_SEARCH_USER_PATHS = NO;
				CLANG_ANALYZER_NONNULL = YES;
				CLANG_ANALYZER_NUMBER_OBJECT_CONVERSION = YES_AGGRESSIVE;
				CLANG_CXX_LANGUAGE_STANDARD = "gnu++20";
				CLANG_ENABLE_MODULES = YES;
				CLANG_ENABLE_OBJC_ARC = YES;
				CLANG_ENABLE_OBJC_WEAK = YES;
				CLANG_WARN_BLOCK_CAPTURE_AUTORELEASING = YES;
				CLANG_WARN_BOOL_CONVERSION = YES;
				CLANG_WARN_COMMA = YES;
				CLANG_WARN_CONSTANT_CONVERSION = YES;
				CLANG_WARN_DEPRECATED_OBJC_IMPLEMENTATIONS = YES;
				CLANG_WARN_DIRECT_OBJC_ISA_USAGE = YES_ERROR;
				CLANG_WARN_DOCUMENTATION_COMMENTS = YES;
				CLANG_WARN_EMPTY_BODY = YES;
				CLANG_WARN_ENUM_CONVERSION = YES;
				CLANG_WARN_INFINITE_RECURSION = YES;
				CLANG_WARN_INT_CONVERSION = YES;
				CLANG_WARN_NON_LITERAL_NULL_CONVERSION = YES;
				CLANG_WARN_OBJC_IMPLICIT_RETAIN_SELF = YES;
				CLANG_WARN_OBJC_LITERAL_CONVERSION = YES;
				CLANG_WARN_OBJC_ROOT_CLASS = YES_ERROR;
				CLANG_WARN_QUOTED_INCLUDE_IN_FRAMEWORK_HEADER = YES;
				CLANG_WARN_RANGE_LOOP_ANALYSIS = YES;
				CLANG_WARN_STRICT_PROTOTYPES = YES;
				CLANG_WARN_SUSPICIOUS_MOVE = YES;
				CLANG_WARN_UNGUARDED_AVAILABILITY = YES_AGGRESSIVE;
				CLANG_WARN_UNREACHABLE_CODE = YES;
				CLANG_WARN__DUPLICATE_METHOD_MATCH = YES;
				COPY_PHASE_STRIP = NO;
				DEBUG_INFORMATION_FORMAT = dwarf;
				ENABLE_STRICT_OBJC_MSGSEND = YES;
				ENABLE_TESTABILITY = YES;
				GCC_C_LANGUAGE_STANDARD = gnu11;
				GCC_DYNAMIC_NO_PIC = NO;
				GCC_NO_COMMON_BLOCKS = YES;
				GCC_OPTIMIZATION_LEVEL = 0;
				GCC_PREPROCESSOR_DEFINITIONS = (
					"DEBUG=1",
					"$(inherited)",
				);
				GCC_WARN_64_TO_32_BIT_CONVERSION = YES;
				GCC_WARN_ABOUT_RETURN_TYPE = YES_ERROR;
				GCC_WARN_UNDECLARED_SELECTOR = YES;
				GCC_WARN_UNINITIALIZED_AUTOS = YES_AGGRESSIVE;
				GCC_WARN_UNUSED_FUNCTION = YES;
				GCC_WARN_UNUSED_VARIABLE = YES;
				IPHONEOS_DEPLOYMENT_TARGET = 16.2;
				MTL_ENABLE_DEBUG_INFO = INCLUDE_SOURCE;
				MTL_FAST_MATH = YES;
				ONLY_ACTIVE_ARCH = YES;
				SDKROOT = iphoneos;
				SWIFT_ACTIVE_COMPILATION_CONDITIONS = DEBUG;
				SWIFT_OPTIMIZATION_LEVEL = "-Onone";
			};
			name = Debug;
		};
		583CE5EA29D6809D006CA256 /* Release */ = {
			isa = XCBuildConfiguration;
			buildSettings = {
				ALWAYS_SEARCH_USER_PATHS = NO;
				CLANG_ANALYZER_NONNULL = YES;
				CLANG_ANALYZER_NUMBER_OBJECT_CONVERSION = YES_AGGRESSIVE;
				CLANG_CXX_LANGUAGE_STANDARD = "gnu++20";
				CLANG_ENABLE_MODULES = YES;
				CLANG_ENABLE_OBJC_ARC = YES;
				CLANG_ENABLE_OBJC_WEAK = YES;
				CLANG_WARN_BLOCK_CAPTURE_AUTORELEASING = YES;
				CLANG_WARN_BOOL_CONVERSION = YES;
				CLANG_WARN_COMMA = YES;
				CLANG_WARN_CONSTANT_CONVERSION = YES;
				CLANG_WARN_DEPRECATED_OBJC_IMPLEMENTATIONS = YES;
				CLANG_WARN_DIRECT_OBJC_ISA_USAGE = YES_ERROR;
				CLANG_WARN_DOCUMENTATION_COMMENTS = YES;
				CLANG_WARN_EMPTY_BODY = YES;
				CLANG_WARN_ENUM_CONVERSION = YES;
				CLANG_WARN_INFINITE_RECURSION = YES;
				CLANG_WARN_INT_CONVERSION = YES;
				CLANG_WARN_NON_LITERAL_NULL_CONVERSION = YES;
				CLANG_WARN_OBJC_IMPLICIT_RETAIN_SELF = YES;
				CLANG_WARN_OBJC_LITERAL_CONVERSION = YES;
				CLANG_WARN_OBJC_ROOT_CLASS = YES_ERROR;
				CLANG_WARN_QUOTED_INCLUDE_IN_FRAMEWORK_HEADER = YES;
				CLANG_WARN_RANGE_LOOP_ANALYSIS = YES;
				CLANG_WARN_STRICT_PROTOTYPES = YES;
				CLANG_WARN_SUSPICIOUS_MOVE = YES;
				CLANG_WARN_UNGUARDED_AVAILABILITY = YES_AGGRESSIVE;
				CLANG_WARN_UNREACHABLE_CODE = YES;
				CLANG_WARN__DUPLICATE_METHOD_MATCH = YES;
				COPY_PHASE_STRIP = NO;
				DEBUG_INFORMATION_FORMAT = "dwarf-with-dsym";
				ENABLE_NS_ASSERTIONS = NO;
				ENABLE_STRICT_OBJC_MSGSEND = YES;
				GCC_C_LANGUAGE_STANDARD = gnu11;
				GCC_NO_COMMON_BLOCKS = YES;
				GCC_WARN_64_TO_32_BIT_CONVERSION = YES;
				GCC_WARN_ABOUT_RETURN_TYPE = YES_ERROR;
				GCC_WARN_UNDECLARED_SELECTOR = YES;
				GCC_WARN_UNINITIALIZED_AUTOS = YES_AGGRESSIVE;
				GCC_WARN_UNUSED_FUNCTION = YES;
				GCC_WARN_UNUSED_VARIABLE = YES;
				IPHONEOS_DEPLOYMENT_TARGET = 16.2;
				MTL_ENABLE_DEBUG_INFO = NO;
				MTL_FAST_MATH = YES;
				SDKROOT = iphoneos;
				SWIFT_COMPILATION_MODE = wholemodule;
				SWIFT_OPTIMIZATION_LEVEL = "-O";
				VALIDATE_PRODUCT = YES;
			};
			name = Release;
		};
		583CE5EC29D6809D006CA256 /* Debug */ = {
			isa = XCBuildConfiguration;
			buildSettings = {
				ASSETCATALOG_COMPILER_APPICON_NAME = AppIcon;
				ASSETCATALOG_COMPILER_GLOBAL_ACCENT_COLOR_NAME = AccentColor;
				CODE_SIGN_STYLE = Automatic;
				CURRENT_PROJECT_VERSION = 1;
				DEVELOPMENT_TEAM = F35HH4ULT9;
				GENERATE_INFOPLIST_FILE = YES;
				INFOPLIST_FILE = OneTSecond/Info.plist;
				INFOPLIST_KEY_UIApplicationSupportsIndirectInputEvents = YES;
				INFOPLIST_KEY_UILaunchStoryboardName = LaunchScreen;
				INFOPLIST_KEY_UISupportedInterfaceOrientations_iPad = "UIInterfaceOrientationPortrait UIInterfaceOrientationPortraitUpsideDown UIInterfaceOrientationLandscapeLeft UIInterfaceOrientationLandscapeRight";
				INFOPLIST_KEY_UISupportedInterfaceOrientations_iPhone = "UIInterfaceOrientationPortrait UIInterfaceOrientationLandscapeLeft UIInterfaceOrientationLandscapeRight";
				LD_RUNPATH_SEARCH_PATHS = (
					"$(inherited)",
					"@executable_path/Frameworks",
				);
				MARKETING_VERSION = 1.0;
				PRODUCT_BUNDLE_IDENTIFIER = ru.Julia.OneTSecond;
				PRODUCT_NAME = "$(TARGET_NAME)";
				SWIFT_EMIT_LOC_STRINGS = YES;
				SWIFT_VERSION = 5.0;
				TARGETED_DEVICE_FAMILY = "1,2";
			};
			name = Debug;
		};
		583CE5ED29D6809D006CA256 /* Release */ = {
			isa = XCBuildConfiguration;
			buildSettings = {
				ASSETCATALOG_COMPILER_APPICON_NAME = AppIcon;
				ASSETCATALOG_COMPILER_GLOBAL_ACCENT_COLOR_NAME = AccentColor;
				CODE_SIGN_STYLE = Automatic;
				CURRENT_PROJECT_VERSION = 1;
				DEVELOPMENT_TEAM = F35HH4ULT9;
				GENERATE_INFOPLIST_FILE = YES;
				INFOPLIST_FILE = OneTSecond/Info.plist;
				INFOPLIST_KEY_UIApplicationSupportsIndirectInputEvents = YES;
				INFOPLIST_KEY_UILaunchStoryboardName = LaunchScreen;
				INFOPLIST_KEY_UISupportedInterfaceOrientations_iPad = "UIInterfaceOrientationPortrait UIInterfaceOrientationPortraitUpsideDown UIInterfaceOrientationLandscapeLeft UIInterfaceOrientationLandscapeRight";
				INFOPLIST_KEY_UISupportedInterfaceOrientations_iPhone = "UIInterfaceOrientationPortrait UIInterfaceOrientationLandscapeLeft UIInterfaceOrientationLandscapeRight";
				LD_RUNPATH_SEARCH_PATHS = (
					"$(inherited)",
					"@executable_path/Frameworks",
				);
				MARKETING_VERSION = 1.0;
				PRODUCT_BUNDLE_IDENTIFIER = ru.Julia.OneTSecond;
				PRODUCT_NAME = "$(TARGET_NAME)";
				SWIFT_EMIT_LOC_STRINGS = YES;
				SWIFT_VERSION = 5.0;
				TARGETED_DEVICE_FAMILY = "1,2";
			};
			name = Release;
		};
/* End XCBuildConfiguration section */

/* Begin XCConfigurationList section */
		583CE5CF29D6809C006CA256 /* Build configuration list for PBXProject "OneTSecond" */ = {
			isa = XCConfigurationList;
			buildConfigurations = (
				583CE5E929D6809D006CA256 /* Debug */,
				583CE5EA29D6809D006CA256 /* Release */,
			);
			defaultConfigurationIsVisible = 0;
			defaultConfigurationName = Release;
		};
		583CE5EB29D6809D006CA256 /* Build configuration list for PBXNativeTarget "OneTSecond" */ = {
			isa = XCConfigurationList;
			buildConfigurations = (
				583CE5EC29D6809D006CA256 /* Debug */,
				583CE5ED29D6809D006CA256 /* Release */,
			);
			defaultConfigurationIsVisible = 0;
			defaultConfigurationName = Release;
		};
/* End XCConfigurationList section */

/* Begin XCRemoteSwiftPackageReference section */
		583CE5EE29D68215006CA256 /* XCRemoteSwiftPackageReference "SnapKit" */ = {
			isa = XCRemoteSwiftPackageReference;
			repositoryURL = "https://github.com/SnapKit/SnapKit.git";
			requirement = {
				kind = upToNextMajorVersion;
				minimumVersion = 5.0.0;
			};
		};
/* End XCRemoteSwiftPackageReference section */

/* Begin XCSwiftPackageProductDependency section */
		583CE5EF29D68215006CA256 /* SnapKit */ = {
			isa = XCSwiftPackageProductDependency;
			package = 583CE5EE29D68215006CA256 /* XCRemoteSwiftPackageReference "SnapKit" */;
			productName = SnapKit;
		};
/* End XCSwiftPackageProductDependency section */

/* Begin XCVersionGroup section */
		583CE5E029D6809C006CA256 /* OneTSecond.xcdatamodeld */ = {
			isa = XCVersionGroup;
			children = (
				583CE5E129D6809C006CA256 /* OneTSecond.xcdatamodel */,
			);
			currentVersion = 583CE5E129D6809C006CA256 /* OneTSecond.xcdatamodel */;
			path = OneTSecond.xcdatamodeld;
			sourceTree = "<group>";
			versionGroupType = wrapper.xcdatamodel;
		};
/* End XCVersionGroup section */
	};
	rootObject = 583CE5CC29D6809C006CA256 /* Project object */;
}
