// !$*UTF8*$!
{
	archiveVersion = 1;
	classes = {
	};
	objectVersion = 56;
	objects = {

/* Begin PBXBuildFile section */
		58126C6D29DBED7400BBF853 /* AppDelegate.swift in Sources */ = {isa = PBXBuildFile; fileRef = 58126C6C29DBED7400BBF853 /* AppDelegate.swift */; };
		58126C6F29DBED7400BBF853 /* SceneDelegate.swift in Sources */ = {isa = PBXBuildFile; fileRef = 58126C6E29DBED7400BBF853 /* SceneDelegate.swift */; };
		58126C7129DBED7400BBF853 /* ViewController.swift in Sources */ = {isa = PBXBuildFile; fileRef = 58126C7029DBED7400BBF853 /* ViewController.swift */; };
		58126C7629DBED7500BBF853 /* Assets.xcassets in Resources */ = {isa = PBXBuildFile; fileRef = 58126C7529DBED7500BBF853 /* Assets.xcassets */; };
		58126C7929DBED7500BBF853 /* LaunchScreen.storyboard in Resources */ = {isa = PBXBuildFile; fileRef = 58126C7729DBED7500BBF853 /* LaunchScreen.storyboard */; };
		58126C8229DC493C00BBF853 /* SnapKit in Frameworks */ = {isa = PBXBuildFile; productRef = 58126C8129DC493C00BBF853 /* SnapKit */; };
		58126C8429DC4AE800BBF853 /* Model.swift in Sources */ = {isa = PBXBuildFile; fileRef = 58126C8329DC4AE800BBF853 /* Model.swift */; };
		58126C8629DC4CE700BBF853 /* TableViewCell.swift in Sources */ = {isa = PBXBuildFile; fileRef = 58126C8529DC4CE700BBF853 /* TableViewCell.swift */; };
		58126C8929DD5F9700BBF853 /* FirebaseFirestore in Frameworks */ = {isa = PBXBuildFile; productRef = 58126C8829DD5F9700BBF853 /* FirebaseFirestore */; };
		58126C8B29DD5F9700BBF853 /* FirebaseStorage in Frameworks */ = {isa = PBXBuildFile; productRef = 58126C8A29DD5F9700BBF853 /* FirebaseStorage */; };
		58126C8F29DD674800BBF853 /* NetworkService.swift in Sources */ = {isa = PBXBuildFile; fileRef = 58126C8E29DD674800BBF853 /* NetworkService.swift */; };
		58126C9129DD70F200BBF853 /* GoogleService-Info.plist in Resources */ = {isa = PBXBuildFile; fileRef = 58126C9029DD70F200BBF853 /* GoogleService-Info.plist */; };
/* End PBXBuildFile section */

/* Begin PBXFileReference section */
		58126C6929DBED7400BBF853 /* ThirdOneTHW.app */ = {isa = PBXFileReference; explicitFileType = wrapper.application; includeInIndex = 0; path = ThirdOneTHW.app; sourceTree = BUILT_PRODUCTS_DIR; };
		58126C6C29DBED7400BBF853 /* AppDelegate.swift */ = {isa = PBXFileReference; lastKnownFileType = sourcecode.swift; path = AppDelegate.swift; sourceTree = "<group>"; };
		58126C6E29DBED7400BBF853 /* SceneDelegate.swift */ = {isa = PBXFileReference; lastKnownFileType = sourcecode.swift; path = SceneDelegate.swift; sourceTree = "<group>"; };
		58126C7029DBED7400BBF853 /* ViewController.swift */ = {isa = PBXFileReference; lastKnownFileType = sourcecode.swift; path = ViewController.swift; sourceTree = "<group>"; };
		58126C7529DBED7500BBF853 /* Assets.xcassets */ = {isa = PBXFileReference; lastKnownFileType = folder.assetcatalog; path = Assets.xcassets; sourceTree = "<group>"; };
		58126C7829DBED7500BBF853 /* Base */ = {isa = PBXFileReference; lastKnownFileType = file.storyboard; name = Base; path = Base.lproj/LaunchScreen.storyboard; sourceTree = "<group>"; };
		58126C7A29DBED7500BBF853 /* Info.plist */ = {isa = PBXFileReference; lastKnownFileType = text.plist.xml; path = Info.plist; sourceTree = "<group>"; };
		58126C8329DC4AE800BBF853 /* Model.swift */ = {isa = PBXFileReference; lastKnownFileType = sourcecode.swift; path = Model.swift; sourceTree = "<group>"; };
		58126C8529DC4CE700BBF853 /* TableViewCell.swift */ = {isa = PBXFileReference; lastKnownFileType = sourcecode.swift; path = TableViewCell.swift; sourceTree = "<group>"; };
		58126C8E29DD674800BBF853 /* NetworkService.swift */ = {isa = PBXFileReference; lastKnownFileType = sourcecode.swift; path = NetworkService.swift; sourceTree = "<group>"; };
		58126C9029DD70F200BBF853 /* GoogleService-Info.plist */ = {isa = PBXFileReference; fileEncoding = 4; lastKnownFileType = text.plist.xml; name = "GoogleService-Info.plist"; path = "../../GoogleService-Info.plist"; sourceTree = "<group>"; };
/* End PBXFileReference section */

/* Begin PBXFrameworksBuildPhase section */
		58126C6629DBED7400BBF853 /* Frameworks */ = {
			isa = PBXFrameworksBuildPhase;
			buildActionMask = 2147483647;
			files = (
				58126C8229DC493C00BBF853 /* SnapKit in Frameworks */,
				58126C8929DD5F9700BBF853 /* FirebaseFirestore in Frameworks */,
				58126C8B29DD5F9700BBF853 /* FirebaseStorage in Frameworks */,
			);
			runOnlyForDeploymentPostprocessing = 0;
		};
/* End PBXFrameworksBuildPhase section */

/* Begin PBXGroup section */
		58126C6029DBED7400BBF853 = {
			isa = PBXGroup;
			children = (
				58126C6B29DBED7400BBF853 /* ThirdOneTHW */,
				58126C6A29DBED7400BBF853 /* Products */,
			);
			sourceTree = "<group>";
		};
		58126C6A29DBED7400BBF853 /* Products */ = {
			isa = PBXGroup;
			children = (
				58126C6929DBED7400BBF853 /* ThirdOneTHW.app */,
			);
			name = Products;
			sourceTree = "<group>";
		};
		58126C6B29DBED7400BBF853 /* ThirdOneTHW */ = {
			isa = PBXGroup;
			children = (
				58126C6C29DBED7400BBF853 /* AppDelegate.swift */,
				58126C6E29DBED7400BBF853 /* SceneDelegate.swift */,
				58126C9029DD70F200BBF853 /* GoogleService-Info.plist */,
				58126C7029DBED7400BBF853 /* ViewController.swift */,
				58126C7529DBED7500BBF853 /* Assets.xcassets */,
				58126C7729DBED7500BBF853 /* LaunchScreen.storyboard */,
				58126C7A29DBED7500BBF853 /* Info.plist */,
				58126C8329DC4AE800BBF853 /* Model.swift */,
				58126C8529DC4CE700BBF853 /* TableViewCell.swift */,
				58126C8E29DD674800BBF853 /* NetworkService.swift */,
			);
			path = ThirdOneTHW;
			sourceTree = "<group>";
		};
/* End PBXGroup section */

/* Begin PBXNativeTarget section */
		58126C6829DBED7400BBF853 /* ThirdOneTHW */ = {
			isa = PBXNativeTarget;
			buildConfigurationList = 58126C7D29DBED7500BBF853 /* Build configuration list for PBXNativeTarget "ThirdOneTHW" */;
			buildPhases = (
				58126C6529DBED7400BBF853 /* Sources */,
				58126C6629DBED7400BBF853 /* Frameworks */,
				58126C6729DBED7400BBF853 /* Resources */,
			);
			buildRules = (
			);
			dependencies = (
			);
			name = ThirdOneTHW;
			packageProductDependencies = (
				58126C8129DC493C00BBF853 /* SnapKit */,
				58126C8829DD5F9700BBF853 /* FirebaseFirestore */,
				58126C8A29DD5F9700BBF853 /* FirebaseStorage */,
			);
			productName = ThirdOneTHW;
			productReference = 58126C6929DBED7400BBF853 /* ThirdOneTHW.app */;
			productType = "com.apple.product-type.application";
		};
/* End PBXNativeTarget section */

/* Begin PBXProject section */
		58126C6129DBED7400BBF853 /* Project object */ = {
			isa = PBXProject;
			attributes = {
				BuildIndependentTargetsInParallel = 1;
				LastSwiftUpdateCheck = 1420;
				LastUpgradeCheck = 1420;
				TargetAttributes = {
					58126C6829DBED7400BBF853 = {
						CreatedOnToolsVersion = 14.2;
					};
				};
			};
			buildConfigurationList = 58126C6429DBED7400BBF853 /* Build configuration list for PBXProject "ThirdOneTHW" */;
			compatibilityVersion = "Xcode 14.0";
			developmentRegion = en;
			hasScannedForEncodings = 0;
			knownRegions = (
				en,
				Base,
			);
			mainGroup = 58126C6029DBED7400BBF853;
			packageReferences = (
				58126C8029DC493C00BBF853 /* XCRemoteSwiftPackageReference "SnapKit" */,
				58126C8729DD5F9700BBF853 /* XCRemoteSwiftPackageReference "firebase-ios-sdk" */,
			);
			productRefGroup = 58126C6A29DBED7400BBF853 /* Products */;
			projectDirPath = "";
			projectRoot = "";
			targets = (
				58126C6829DBED7400BBF853 /* ThirdOneTHW */,
			);
		};
/* End PBXProject section */

/* Begin PBXResourcesBuildPhase section */
		58126C6729DBED7400BBF853 /* Resources */ = {
			isa = PBXResourcesBuildPhase;
			buildActionMask = 2147483647;
			files = (
				58126C7929DBED7500BBF853 /* LaunchScreen.storyboard in Resources */,
				58126C7629DBED7500BBF853 /* Assets.xcassets in Resources */,
				58126C9129DD70F200BBF853 /* GoogleService-Info.plist in Resources */,
			);
			runOnlyForDeploymentPostprocessing = 0;
		};
/* End PBXResourcesBuildPhase section */

/* Begin PBXSourcesBuildPhase section */
		58126C6529DBED7400BBF853 /* Sources */ = {
			isa = PBXSourcesBuildPhase;
			buildActionMask = 2147483647;
			files = (
				58126C8629DC4CE700BBF853 /* TableViewCell.swift in Sources */,
				58126C7129DBED7400BBF853 /* ViewController.swift in Sources */,
				58126C8429DC4AE800BBF853 /* Model.swift in Sources */,
				58126C6D29DBED7400BBF853 /* AppDelegate.swift in Sources */,
				58126C8F29DD674800BBF853 /* NetworkService.swift in Sources */,
				58126C6F29DBED7400BBF853 /* SceneDelegate.swift in Sources */,
			);
			runOnlyForDeploymentPostprocessing = 0;
		};
/* End PBXSourcesBuildPhase section */

/* Begin PBXVariantGroup section */
		58126C7729DBED7500BBF853 /* LaunchScreen.storyboard */ = {
			isa = PBXVariantGroup;
			children = (
				58126C7829DBED7500BBF853 /* Base */,
			);
			name = LaunchScreen.storyboard;
			sourceTree = "<group>";
		};
/* End PBXVariantGroup section */

/* Begin XCBuildConfiguration section */
		58126C7B29DBED7500BBF853 /* Debug */ = {
			isa = XCBuildConfiguration;
			buildSettings = {
				ALWAYS_SEARCH_USER_PATHS = NO;
				CLANG_ANALYZER_NONNULL = YES;
				CLANG_ANALYZER_NUMBER_OBJECT_CONVERSION = YES_AGGRESSIVE;
				CLANG_CXX_LANGUAGE_STANDARD = "gnu++20";
				CLANG_ENABLE_MODULES = YES;
				CLANG_ENABLE_OBJC_ARC = YES;
				CLANG_ENABLE_OBJC_WEAK = YES;
				CLANG_WARN_BLOCK_CAPTURE_AUTORELEASING = YES;
				CLANG_WARN_BOOL_CONVERSION = YES;
				CLANG_WARN_COMMA = YES;
				CLANG_WARN_CONSTANT_CONVERSION = YES;
				CLANG_WARN_DEPRECATED_OBJC_IMPLEMENTATIONS = YES;
				CLANG_WARN_DIRECT_OBJC_ISA_USAGE = YES_ERROR;
				CLANG_WARN_DOCUMENTATION_COMMENTS = YES;
				CLANG_WARN_EMPTY_BODY = YES;
				CLANG_WARN_ENUM_CONVERSION = YES;
				CLANG_WARN_INFINITE_RECURSION = YES;
				CLANG_WARN_INT_CONVERSION = YES;
				CLANG_WARN_NON_LITERAL_NULL_CONVERSION = YES;
				CLANG_WARN_OBJC_IMPLICIT_RETAIN_SELF = YES;
				CLANG_WARN_OBJC_LITERAL_CONVERSION = YES;
				CLANG_WARN_OBJC_ROOT_CLASS = YES_ERROR;
				CLANG_WARN_QUOTED_INCLUDE_IN_FRAMEWORK_HEADER = YES;
				CLANG_WARN_RANGE_LOOP_ANALYSIS = YES;
				CLANG_WARN_STRICT_PROTOTYPES = YES;
				CLANG_WARN_SUSPICIOUS_MOVE = YES;
				CLANG_WARN_UNGUARDED_AVAILABILITY = YES_AGGRESSIVE;
				CLANG_WARN_UNREACHABLE_CODE = YES;
				CLANG_WARN__DUPLICATE_METHOD_MATCH = YES;
				COPY_PHASE_STRIP = NO;
				DEBUG_INFORMATION_FORMAT = dwarf;
				ENABLE_STRICT_OBJC_MSGSEND = YES;
				ENABLE_TESTABILITY = YES;
				GCC_C_LANGUAGE_STANDARD = gnu11;
				GCC_DYNAMIC_NO_PIC = NO;
				GCC_NO_COMMON_BLOCKS = YES;
				GCC_OPTIMIZATION_LEVEL = 0;
				GCC_PREPROCESSOR_DEFINITIONS = (
					"DEBUG=1",
					"$(inherited)",
				);
				GCC_WARN_64_TO_32_BIT_CONVERSION = YES;
				GCC_WARN_ABOUT_RETURN_TYPE = YES_ERROR;
				GCC_WARN_UNDECLARED_SELECTOR = YES;
				GCC_WARN_UNINITIALIZED_AUTOS = YES_AGGRESSIVE;
				GCC_WARN_UNUSED_FUNCTION = YES;
				GCC_WARN_UNUSED_VARIABLE = YES;
				IPHONEOS_DEPLOYMENT_TARGET = 16.2;
				MTL_ENABLE_DEBUG_INFO = INCLUDE_SOURCE;
				MTL_FAST_MATH = YES;
				ONLY_ACTIVE_ARCH = YES;
				SDKROOT = iphoneos;
				SWIFT_ACTIVE_COMPILATION_CONDITIONS = DEBUG;
				SWIFT_OPTIMIZATION_LEVEL = "-Onone";
			};
			name = Debug;
		};
		58126C7C29DBED7500BBF853 /* Release */ = {
			isa = XCBuildConfiguration;
			buildSettings = {
				ALWAYS_SEARCH_USER_PATHS = NO;
				CLANG_ANALYZER_NONNULL = YES;
				CLANG_ANALYZER_NUMBER_OBJECT_CONVERSION = YES_AGGRESSIVE;
				CLANG_CXX_LANGUAGE_STANDARD = "gnu++20";
				CLANG_ENABLE_MODULES = YES;
				CLANG_ENABLE_OBJC_ARC = YES;
				CLANG_ENABLE_OBJC_WEAK = YES;
				CLANG_WARN_BLOCK_CAPTURE_AUTORELEASING = YES;
				CLANG_WARN_BOOL_CONVERSION = YES;
				CLANG_WARN_COMMA = YES;
				CLANG_WARN_CONSTANT_CONVERSION = YES;
				CLANG_WARN_DEPRECATED_OBJC_IMPLEMENTATIONS = YES;
				CLANG_WARN_DIRECT_OBJC_ISA_USAGE = YES_ERROR;
				CLANG_WARN_DOCUMENTATION_COMMENTS = YES;
				CLANG_WARN_EMPTY_BODY = YES;
				CLANG_WARN_ENUM_CONVERSION = YES;
				CLANG_WARN_INFINITE_RECURSION = YES;
				CLANG_WARN_INT_CONVERSION = YES;
				CLANG_WARN_NON_LITERAL_NULL_CONVERSION = YES;
				CLANG_WARN_OBJC_IMPLICIT_RETAIN_SELF = YES;
				CLANG_WARN_OBJC_LITERAL_CONVERSION = YES;
				CLANG_WARN_OBJC_ROOT_CLASS = YES_ERROR;
				CLANG_WARN_QUOTED_INCLUDE_IN_FRAMEWORK_HEADER = YES;
				CLANG_WARN_RANGE_LOOP_ANALYSIS = YES;
				CLANG_WARN_STRICT_PROTOTYPES = YES;
				CLANG_WARN_SUSPICIOUS_MOVE = YES;
				CLANG_WARN_UNGUARDED_AVAILABILITY = YES_AGGRESSIVE;
				CLANG_WARN_UNREACHABLE_CODE = YES;
				CLANG_WARN__DUPLICATE_METHOD_MATCH = YES;
				COPY_PHASE_STRIP = NO;
				DEBUG_INFORMATION_FORMAT = "dwarf-with-dsym";
				ENABLE_NS_ASSERTIONS = NO;
				ENABLE_STRICT_OBJC_MSGSEND = YES;
				GCC_C_LANGUAGE_STANDARD = gnu11;
				GCC_NO_COMMON_BLOCKS = YES;
				GCC_WARN_64_TO_32_BIT_CONVERSION = YES;
				GCC_WARN_ABOUT_RETURN_TYPE = YES_ERROR;
				GCC_WARN_UNDECLARED_SELECTOR = YES;
				GCC_WARN_UNINITIALIZED_AUTOS = YES_AGGRESSIVE;
				GCC_WARN_UNUSED_FUNCTION = YES;
				GCC_WARN_UNUSED_VARIABLE = YES;
				IPHONEOS_DEPLOYMENT_TARGET = 16.2;
				MTL_ENABLE_DEBUG_INFO = NO;
				MTL_FAST_MATH = YES;
				SDKROOT = iphoneos;
				SWIFT_COMPILATION_MODE = wholemodule;
				SWIFT_OPTIMIZATION_LEVEL = "-O";
				VALIDATE_PRODUCT = YES;
			};
			name = Release;
		};
		58126C7E29DBED7500BBF853 /* Debug */ = {
			isa = XCBuildConfiguration;
			buildSettings = {
				ASSETCATALOG_COMPILER_APPICON_NAME = AppIcon;
				ASSETCATALOG_COMPILER_GLOBAL_ACCENT_COLOR_NAME = AccentColor;
				CODE_SIGN_STYLE = Automatic;
				CURRENT_PROJECT_VERSION = 1;
				DEVELOPMENT_TEAM = F35HH4ULT9;
				GENERATE_INFOPLIST_FILE = YES;
				INFOPLIST_FILE = ThirdOneTHW/Info.plist;
				INFOPLIST_KEY_UIApplicationSupportsIndirectInputEvents = YES;
				INFOPLIST_KEY_UILaunchStoryboardName = LaunchScreen;
				INFOPLIST_KEY_UISupportedInterfaceOrientations_iPad = "UIInterfaceOrientationPortrait UIInterfaceOrientationPortraitUpsideDown UIInterfaceOrientationLandscapeLeft UIInterfaceOrientationLandscapeRight";
				INFOPLIST_KEY_UISupportedInterfaceOrientations_iPhone = "UIInterfaceOrientationPortrait UIInterfaceOrientationLandscapeLeft UIInterfaceOrientationLandscapeRight";
				LD_RUNPATH_SEARCH_PATHS = (
					"$(inherited)",
					"@executable_path/Frameworks",
				);
				MARKETING_VERSION = 1.0;
				PRODUCT_BUNDLE_IDENTIFIER = ru.Julia.ThirdOneTHW;
				PRODUCT_NAME = "$(TARGET_NAME)";
				SWIFT_EMIT_LOC_STRINGS = YES;
				SWIFT_VERSION = 5.0;
				TARGETED_DEVICE_FAMILY = "1,2";
			};
			name = Debug;
		};
		58126C7F29DBED7500BBF853 /* Release */ = {
			isa = XCBuildConfiguration;
			buildSettings = {
				ASSETCATALOG_COMPILER_APPICON_NAME = AppIcon;
				ASSETCATALOG_COMPILER_GLOBAL_ACCENT_COLOR_NAME = AccentColor;
				CODE_SIGN_STYLE = Automatic;
				CURRENT_PROJECT_VERSION = 1;
				DEVELOPMENT_TEAM = F35HH4ULT9;
				GENERATE_INFOPLIST_FILE = YES;
				INFOPLIST_FILE = ThirdOneTHW/Info.plist;
				INFOPLIST_KEY_UIApplicationSupportsIndirectInputEvents = YES;
				INFOPLIST_KEY_UILaunchStoryboardName = LaunchScreen;
				INFOPLIST_KEY_UISupportedInterfaceOrientations_iPad = "UIInterfaceOrientationPortrait UIInterfaceOrientationPortraitUpsideDown UIInterfaceOrientationLandscapeLeft UIInterfaceOrientationLandscapeRight";
				INFOPLIST_KEY_UISupportedInterfaceOrientations_iPhone = "UIInterfaceOrientationPortrait UIInterfaceOrientationLandscapeLeft UIInterfaceOrientationLandscapeRight";
				LD_RUNPATH_SEARCH_PATHS = (
					"$(inherited)",
					"@executable_path/Frameworks",
				);
				MARKETING_VERSION = 1.0;
				PRODUCT_BUNDLE_IDENTIFIER = ru.Julia.ThirdOneTHW;
				PRODUCT_NAME = "$(TARGET_NAME)";
				SWIFT_EMIT_LOC_STRINGS = YES;
				SWIFT_VERSION = 5.0;
				TARGETED_DEVICE_FAMILY = "1,2";
			};
			name = Release;
		};
/* End XCBuildConfiguration section */

/* Begin XCConfigurationList section */
		58126C6429DBED7400BBF853 /* Build configuration list for PBXProject "ThirdOneTHW" */ = {
			isa = XCConfigurationList;
			buildConfigurations = (
				58126C7B29DBED7500BBF853 /* Debug */,
				58126C7C29DBED7500BBF853 /* Release */,
			);
			defaultConfigurationIsVisible = 0;
			defaultConfigurationName = Release;
		};
		58126C7D29DBED7500BBF853 /* Build configuration list for PBXNativeTarget "ThirdOneTHW" */ = {
			isa = XCConfigurationList;
			buildConfigurations = (
				58126C7E29DBED7500BBF853 /* Debug */,
				58126C7F29DBED7500BBF853 /* Release */,
			);
			defaultConfigurationIsVisible = 0;
			defaultConfigurationName = Release;
		};
/* End XCConfigurationList section */

/* Begin XCRemoteSwiftPackageReference section */
		58126C8029DC493C00BBF853 /* XCRemoteSwiftPackageReference "SnapKit" */ = {
			isa = XCRemoteSwiftPackageReference;
			repositoryURL = "https://github.com/SnapKit/SnapKit.git";
			requirement = {
				kind = upToNextMajorVersion;
				minimumVersion = 5.0.0;
			};
		};
		58126C8729DD5F9700BBF853 /* XCRemoteSwiftPackageReference "firebase-ios-sdk" */ = {
			isa = XCRemoteSwiftPackageReference;
			repositoryURL = "https://github.com/firebase/firebase-ios-sdk.git";
			requirement = {
				kind = upToNextMajorVersion;
				minimumVersion = 9.0.0;
			};
		};
/* End XCRemoteSwiftPackageReference section */

/* Begin XCSwiftPackageProductDependency section */
		58126C8129DC493C00BBF853 /* SnapKit */ = {
			isa = XCSwiftPackageProductDependency;
			package = 58126C8029DC493C00BBF853 /* XCRemoteSwiftPackageReference "SnapKit" */;
			productName = SnapKit;
		};
		58126C8829DD5F9700BBF853 /* FirebaseFirestore */ = {
			isa = XCSwiftPackageProductDependency;
			package = 58126C8729DD5F9700BBF853 /* XCRemoteSwiftPackageReference "firebase-ios-sdk" */;
			productName = FirebaseFirestore;
		};
		58126C8A29DD5F9700BBF853 /* FirebaseStorage */ = {
			isa = XCSwiftPackageProductDependency;
			package = 58126C8729DD5F9700BBF853 /* XCRemoteSwiftPackageReference "firebase-ios-sdk" */;
			productName = FirebaseStorage;
		};
/* End XCSwiftPackageProductDependency section */
	};
	rootObject = 58126C6129DBED7400BBF853 /* Project object */;
}
